
Microsoft Visual Studio Solution File, Format Version 12.00
# Visual Studio Version 17
VisualStudioVersion = 17.1.32328.378
MinimumVisualStudioVersion = 10.0.40219.1
Project("{9A19103F-16F7-4668-BE54-9A1E7A4F7556}") = "RepositoryDemo.Server", "RepositoryDemo\Server\RepositoryDemo.Server.csproj", "{309A4B1E-5436-418D-9C9F-03475FA4C4FE}"
EndProject
Project("{9A19103F-16F7-4668-BE54-9A1E7A4F7556}") = "RepositoryDemo.Client", "RepositoryDemo\Client\RepositoryDemo.Client.csproj", "{239F2E59-F4F7-4EC5-9EF1-44334AFAA157}"
EndProject
Project("{9A19103F-16F7-4668-BE54-9A1E7A4F7556}") = "RepositoryDemo.Shared", "RepositoryDemo\Shared\RepositoryDemo.Shared.csproj", "{877724B1-0D75-48CE-939E-7B3E18BD417B}"
EndProject
Project("{9A19103F-16F7-4668-BE54-9A1E7A4F7556}") = "AvnRepository", "..\..\..\Repos\AvnRepository\AvnRepository\AvnRepository.csproj", "{604976EE-E653-4038-AE6F-201168B16C15}"
EndProject
Global
	GlobalSection(SolutionConfigurationPlatforms) = preSolution
		Debug|Any CPU = Debug|Any CPU
		Release|Any CPU = Release|Any CPU
	EndGlobalSection
	GlobalSection(ProjectConfigurationPlatforms) = postSolution
		{309A4B1E-5436-418D-9C9F-03475FA4C4FE}.Debug|Any CPU.ActiveCfg = Debug|Any CPU
		{309A4B1E-5436-418D-9C9F-03475FA4C4FE}.Debug|Any CPU.Build.0 = Debug|Any CPU
		{309A4B1E-5436-418D-9C9F-03475FA4C4FE}.Release|Any CPU.ActiveCfg = Release|Any CPU
		{309A4B1E-5436-418D-9C9F-03475FA4C4FE}.Release|Any CPU.Build.0 = Release|Any CPU
		{239F2E59-F4F7-4EC5-9EF1-44334AFAA157}.Debug|Any CPU.ActiveCfg = Debug|Any CPU
		{239F2E59-F4F7-4EC5-9EF1-44334AFAA157}.Debug|Any CPU.Build.0 = Debug|Any CPU
		{239F2E59-F4F7-4EC5-9EF1-44334AFAA157}.Release|Any CPU.ActiveCfg = Release|Any CPU
		{239F2E59-F4F7-4EC5-9EF1-44334AFAA157}.Release|Any CPU.Build.0 = Release|Any CPU
		{877724B1-0D75-48CE-939E-7B3E18BD417B}.Debug|Any CPU.ActiveCfg = Debug|Any CPU
		{877724B1-0D75-48CE-939E-7B3E18BD417B}.Debug|Any CPU.Build.0 = Debug|Any CPU
		{877724B1-0D75-48CE-939E-7B3E18BD417B}.Release|Any CPU.ActiveCfg = Release|Any CPU
		{877724B1-0D75-48CE-939E-7B3E18BD417B}.Release|Any CPU.Build.0 = Release|Any CPU
		{604976EE-E653-4038-AE6F-201168B16C15}.Debug|Any CPU.ActiveCfg = Debug|Any CPU
		{604976EE-E653-4038-AE6F-201168B16C15}.Debug|Any CPU.Build.0 = Debug|Any CPU
		{604976EE-E653-4038-AE6F-201168B16C15}.Release|Any CPU.ActiveCfg = Release|Any CPU
		{604976EE-E653-4038-AE6F-201168B16C15}.Release|Any CPU.Build.0 = Release|Any CPU
	EndGlobalSection
	GlobalSection(SolutionProperties) = preSolution
		HideSolutionNode = FALSE
	EndGlobalSection
	GlobalSection(ExtensibilityGlobals) = postSolution
		SolutionGuid = {BBA44007-1049-4F1F-A2C8-5BD417F3BBBB}
	EndGlobalSection
EndGlobal
